{
	"name": "@uniqys/store",
	"version": "0.0.1",
	"lockfileVersion": 1,
	"requires": true,
	"dependencies": {
		"abstract-leveldown": {
			"version": "5.0.0",
			"resolved": "https://registry.npmjs.org/abstract-leveldown/-/abstract-leveldown-5.0.0.tgz",
			"integrity": "sha512-5mU5P1gXtsMIXg65/rsYGsi93+MlogXZ9FA8JnwKurHQg64bfXwGYVdVdijNTVNOlAsuIiOwHdvFFD5JqCJQ7A==",
			"dev": true,
			"requires": {
				"xtend": "~4.0.0"
			},
			"dependencies": {
				"xtend": {
					"version": "4.0.1",
					"resolved": "https://registry.npmjs.org/xtend/-/xtend-4.0.1.tgz",
					"integrity": "sha1-pcbVMr5lbiPbgg77lDofBJmNY68=",
					"dev": true
				}
			}
		},
		"memdown": {
			"version": "3.0.0",
			"resolved": "https://registry.npmjs.org/memdown/-/memdown-3.0.0.tgz",
			"integrity": "sha512-tbV02LfZMWLcHcq4tw++NuqMO+FZX8tNJEiD2aNRm48ZZusVg5N8NART+dmBkepJVye986oixErf7jfXboMGMA==",
			"dev": true,
			"requires": {
				"abstract-leveldown": "~5.0.0",
				"functional-red-black-tree": "~1.0.1",
				"immediate": "~3.2.3",
				"inherits": "~2.0.1",
				"ltgt": "~2.2.0",
				"safe-buffer": "~5.1.1"
			},
			"dependencies": {
				"functional-red-black-tree": {
					"version": "1.0.1",
					"resolved": "https://registry.npmjs.org/functional-red-black-tree/-/functional-red-black-tree-1.0.1.tgz",
					"integrity": "sha1-GwqzvVU7Kg1jmdKcDj6gslIHgyc=",
					"dev": true
				},
				"immediate": {
					"version": "3.2.3",
					"resolved": "https://registry.npmjs.org/immediate/-/immediate-3.2.3.tgz",
					"integrity": "sha1-0UD6j2FGWb1lQSMwl92qwlzdmRw=",
					"dev": true
				},
				"inherits": {
					"version": "2.0.3",
					"resolved": "https://registry.npmjs.org/inherits/-/inherits-2.0.3.tgz",
					"integrity": "sha1-Yzwsg+PaQqUC9SRmAiSA9CCCYd4=",
					"dev": true
				},
				"ltgt": {
					"version": "2.2.1",
					"resolved": "https://registry.npmjs.org/ltgt/-/ltgt-2.2.1.tgz",
					"integrity": "sha1-81ypHEk/e3PaDgdJUwTxezH4fuU=",
					"dev": true
				},
				"safe-buffer": {
					"version": "5.1.2",
					"resolved": "https://registry.npmjs.org/safe-buffer/-/safe-buffer-5.1.2.tgz",
					"integrity": "sha512-Gd2UZBJDkXlY7GbJxfsE8/nvKkUEU1G38c1siN6QP6a9PT9MmHB8GnpscSmMJSoF8LOIrt8ud/wPtojys4G6+g==",
					"dev": true
				}
			}
		}
	}
}
